Microsoft Visual Studio Solution File, Format Version 12.00
# Visual Studio Version 17
VisualStudioVersion = 17.5.2.0
MinimumVisualStudioVersion = 10.0.40219.1
Project("{FAE04EC0-301F-11D3-BF4B-00C04F79EFBC}") = "KitBox", "KitBox\KitBox.csproj", "{C3AD9243-098E-C7BD-61A8-A41477055696}"
EndProject
Global
	GlobalSection(SolutionConfigurationPlatforms) = preSolution
		Debug|Any CPU = Debug|Any CPU
		Release|Any CPU = Release|Any CPU
	EndGlobalSection
	GlobalSection(ProjectConfigurationPlatforms) = postSolution
		{C3AD9243-098E-C7BD-61A8-A41477055696}.Debug|Any CPU.ActiveCfg = Debug|Any CPU
		{C3AD9243-098E-C7BD-61A8-A41477055696}.Debug|Any CPU.Build.0 = Debug|Any CPU
		{C3AD9243-098E-C7BD-61A8-A41477055696}.Release|Any CPU.ActiveCfg = Release|Any CPU
		{C3AD9243-098E-C7BD-61A8-A41477055696}.Release|Any CPU.Build.0 = Release|Any CPU
	EndGlobalSection
	GlobalSection(SolutionProperties) = preSolution
		HideSolutionNode = FALSE
	EndGlobalSection
	GlobalSection(ExtensibilityGlobals) = postSolution
		SolutionGuid = {1147D2DF-1C13-4279-BEF3-011099686C20}
	EndGlobalSection
EndGlobal
